PODS:
  - Audiobus (3.0.6)
  - ChimpKit (3.1.1)
  - Disk (0.3.3)
  - OneSignal (2.9.3)

DEPENDENCIES:
  - Audiobus
  - ChimpKit
  - Disk (~> 0.3.2)
  - OneSignal (< 3.0, >= 2.6.2)

SPEC REPOS:
  https://github.com/cocoapods/specs.git:
    - Audiobus
    - ChimpKit
    - Disk
    - OneSignal

SPEC CHECKSUMS:
  Audiobus: d1a5fa8e61b62718d7a6b0bbd9a793fc24aafcda
  ChimpKit: d020126089544daa349397a91f1489a3f271b791
  Disk: d1f55cd61f6ca20f368232d0c6e37e3c3dfcb63e
  OneSignal: a506e3bc61d2030f0757faf9bd783a9b211c6e3c

PODFILE CHECKSUM: da8ac7c11afa171eb405a43112b2c46c9d417b18

COCOAPODS: 1.5.3
